// !$*UTF8*$!
{
	archiveVersion = 1;
	classes = {
	};
	objectVersion = 46;
	objects = {

/* Begin PBXBuildFile section */
		185153B41E263EF700A19F73 /* 数据处理.txt in Resources */ = {isa = PBXBuildFile; fileRef = 185153B31E263EF700A19F73 /* 数据处理.txt */; };
		18898E391DF1015500D3BE39 /* main.m in Sources */ = {isa = PBXBuildFile; fileRef = 18898E381DF1015500D3BE39 /* main.m */; };
		18898E3C1DF1015500D3BE39 /* AppDelegate.m in Sources */ = {isa = PBXBuildFile; fileRef = 18898E3B1DF1015500D3BE39 /* AppDelegate.m */; };
		18898E421DF1015500D3BE39 /* Main.storyboard in Resources */ = {isa = PBXBuildFile; fileRef = 18898E401DF1015500D3BE39 /* Main.storyboard */; };
		18898E441DF1015500D3BE39 /* Assets.xcassets in Resources */ = {isa = PBXBuildFile; fileRef = 18898E431DF1015500D3BE39 /* Assets.xcassets */; };
		18898E471DF1015500D3BE39 /* LaunchScreen.storyboard in Resources */ = {isa = PBXBuildFile; fileRef = 18898E451DF1015500D3BE39 /* LaunchScreen.storyboard */; };
		18898E501DF1017300D3BE39 /* HomeViewController.m in Sources */ = {isa = PBXBuildFile; fileRef = 18898E4F1DF1017300D3BE39 /* HomeViewController.m */; };
		18898E531DF102DB00D3BE39 /* SnowflakeFallingView.m in Sources */ = {isa = PBXBuildFile; fileRef = 18898E521DF102DB00D3BE39 /* SnowflakeFallingView.m */; };
		18898E591DF11AEE00D3BE39 /* snow.png in Resources */ = {isa = PBXBuildFile; fileRef = 18898E581DF11AEE00D3BE39 /* snow.png */; };
		18898E5B1DF11C8100D3BE39 /* snow_background.png in Resources */ = {isa = PBXBuildFile; fileRef = 18898E5A1DF11C8100D3BE39 /* snow_background.png */; };
/* End PBXBuildFile section */

/* Begin PBXFileReference section */
		185153B31E263EF700A19F73 /* 数据处理.txt */ = {isa = PBXFileReference; fileEncoding = 4; lastKnownFileType = text; path = "数据处理.txt"; sourceTree = "<group>"; };
		18898E341DF1015500D3BE39 /* SnowflakeDemo.app */ = {isa = PBXFileReference; explicitFileType = wrapper.application; includeInIndex = 0; path = SnowflakeDemo.app; sourceTree = BUILT_PRODUCTS_DIR; };
		18898E381DF1015500D3BE39 /* main.m */ = {isa = PBXFileReference; lastKnownFileType = sourcecode.c.objc; path = main.m; sourceTree = "<group>"; };
		18898E3A1DF1015500D3BE39 /* AppDelegate.h */ = {isa = PBXFileReference; lastKnownFileType = sourcecode.c.h; path = AppDelegate.h; sourceTree = "<group>"; };
		18898E3B1DF1015500D3BE39 /* AppDelegate.m */ = {isa = PBXFileReference; lastKnownFileType = sourcecode.c.objc; path = AppDelegate.m; sourceTree = "<group>"; };
		18898E411DF1015500D3BE39 /* Base */ = {isa = PBXFileReference; lastKnownFileType = file.storyboard; name = Base; path = Base.lproj/Main.storyboard; sourceTree = "<group>"; };
		18898E431DF1015500D3BE39 /* Assets.xcassets */ = {isa = PBXFileReference; lastKnownFileType = folder.assetcatalog; path = Assets.xcassets; sourceTree = "<group>"; };
		18898E461DF1015500D3BE39 /* Base */ = {isa = PBXFileReference; lastKnownFileType = file.storyboard; name = Base; path = Base.lproj/LaunchScreen.storyboard; sourceTree = "<group>"; };
		18898E481DF1015500D3BE39 /* Info.plist */ = {isa = PBXFileReference; lastKnownFileType = text.plist.xml; path = Info.plist; sourceTree = "<group>"; };
		18898E4E1DF1017300D3BE39 /* HomeViewController.h */ = {isa = PBXFileReference; fileEncoding = 4; lastKnownFileType = sourcecode.c.h; path = HomeViewController.h; sourceTree = "<group>"; };
		18898E4F1DF1017300D3BE39 /* HomeViewController.m */ = {isa = PBXFileReference; fileEncoding = 4; lastKnownFileType = sourcecode.c.objc; path = HomeViewController.m; sourceTree = "<group>"; };
		18898E511DF102DB00D3BE39 /* SnowflakeFallingView.h */ = {isa = PBXFileReference; fileEncoding = 4; lastKnownFileType = sourcecode.c.h; path = SnowflakeFallingView.h; sourceTree = "<group>"; };
		18898E521DF102DB00D3BE39 /* SnowflakeFallingView.m */ = {isa = PBXFileReference; fileEncoding = 4; lastKnownFileType = sourcecode.c.objc; path = SnowflakeFallingView.m; sourceTree = "<group>"; };
		18898E581DF11AEE00D3BE39 /* snow.png */ = {isa = PBXFileReference; lastKnownFileType = image.png; path = snow.png; sourceTree = "<group>"; };
		18898E5A1DF11C8100D3BE39 /* snow_background.png */ = {isa = PBXFileReference; lastKnownFileType = image.png; path = snow_background.png; sourceTree = "<group>"; };
/* End PBXFileReference section */

/* Begin PBXFrameworksBuildPhase section */
		18898E311DF1015500D3BE39 /* Frameworks */ = {
			isa = PBXFrameworksBuildPhase;
			buildActionMask = 2147483647;
			files = (
			);
			runOnlyForDeploymentPostprocessing = 0;
		};
/* End PBXFrameworksBuildPhase section */

/* Begin PBXGroup section */
		18898E2B1DF1015400D3BE39 = {
			isa = PBXGroup;
			children = (
				18898E361DF1015500D3BE39 /* SnowflakeDemo */,
				18898E351DF1015500D3BE39 /* Products */,
			);
			sourceTree = "<group>";
		};
		18898E351DF1015500D3BE39 /* Products */ = {
			isa = PBXGroup;
			children = (
				18898E341DF1015500D3BE39 /* SnowflakeDemo.app */,
			);
			name = Products;
			sourceTree = "<group>";
		};
		18898E361DF1015500D3BE39 /* SnowflakeDemo */ = {
			isa = PBXGroup;
			children = (
				18898E3A1DF1015500D3BE39 /* AppDelegate.h */,
				18898E3B1DF1015500D3BE39 /* AppDelegate.m */,
				18898E4E1DF1017300D3BE39 /* HomeViewController.h */,
				18898E4F1DF1017300D3BE39 /* HomeViewController.m */,
				185153B31E263EF700A19F73 /* 数据处理.txt */,
				18898E511DF102DB00D3BE39 /* SnowflakeFallingView.h */,
				18898E521DF102DB00D3BE39 /* SnowflakeFallingView.m */,
				18898E5A1DF11C8100D3BE39 /* snow_background.png */,
				18898E581DF11AEE00D3BE39 /* snow.png */,
				18898E401DF1015500D3BE39 /* Main.storyboard */,
				18898E431DF1015500D3BE39 /* Assets.xcassets */,
				18898E451DF1015500D3BE39 /* LaunchScreen.storyboard */,
				18898E481DF1015500D3BE39 /* Info.plist */,
				18898E371DF1015500D3BE39 /* Supporting Files */,
			);
			path = SnowflakeDemo;
			sourceTree = "<group>";
		};
		18898E371DF1015500D3BE39 /* Supporting Files */ = {
			isa = PBXGroup;
			children = (
				18898E381DF1015500D3BE39 /* main.m */,
			);
			name = "Supporting Files";
			sourceTree = "<group>";
		};
/* End PBXGroup section */

/* Begin PBXNativeTarget section */
		18898E331DF1015500D3BE39 /* SnowflakeDemo */ = {
			isa = PBXNativeTarget;
			buildConfigurationList = 18898E4B1DF1015500D3BE39 /* Build configuration list for PBXNativeTarget "SnowflakeDemo" */;
			buildPhases = (
				18898E301DF1015500D3BE39 /* Sources */,
				18898E311DF1015500D3BE39 /* Frameworks */,
				18898E321DF1015500D3BE39 /* Resources */,
			);
			buildRules = (
			);
			dependencies = (
			);
			name = SnowflakeDemo;
			productName = SnowflakeDemo;
			productReference = 18898E341DF1015500D3BE39 /* SnowflakeDemo.app */;
			productType = "com.apple.product-type.application";
		};
/* End PBXNativeTarget section */

/* Begin PBXProject section */
		18898E2C1DF1015400D3BE39 /* Project object */ = {
			isa = PBXProject;
			attributes = {
				LastUpgradeCheck = 0810;
				ORGANIZATIONNAME = apple;
				TargetAttributes = {
					18898E331DF1015500D3BE39 = {
						CreatedOnToolsVersion = 8.1;
						ProvisioningStyle = Automatic;
					};
				};
			};
			buildConfigurationList = 18898E2F1DF1015400D3BE39 /* Build configuration list for PBXProject "SnowflakeDemo" */;
			compatibilityVersion = "Xcode 3.2";
			developmentRegion = English;
			hasScannedForEncodings = 0;
			knownRegions = (
				en,
				Base,
			);
			mainGroup = 18898E2B1DF1015400D3BE39;
			productRefGroup = 18898E351DF1015500D3BE39 /* Products */;
			projectDirPath = "";
			projectRoot = "";
			targets = (
				18898E331DF1015500D3BE39 /* SnowflakeDemo */,
			);
		};
/* End PBXProject section */

/* Begin PBXResourcesBuildPhase section */
		18898E321DF1015500D3BE39 /* Resources */ = {
			isa = PBXResourcesBuildPhase;
			buildActionMask = 2147483647;
			files = (
				18898E5B1DF11C8100D3BE39 /* snow_background.png in Resources */,
				18898E591DF11AEE00D3BE39 /* snow.png in Resources */,
				185153B41E263EF700A19F73 /* 数据处理.txt in Resources */,
				18898E471DF1015500D3BE39 /* LaunchScreen.storyboard in Resources */,
				18898E441DF1015500D3BE39 /* Assets.xcassets in Resources */,
				18898E421DF1015500D3BE39 /* Main.storyboard in Resources */,
			);
			runOnlyForDeploymentPostprocessing = 0;
		};
/* End PBXResourcesBuildPhase section */

/* Begin PBXSourcesBuildPhase section */
		18898E301DF1015500D3BE39 /* Sources */ = {
			isa = PBXSourcesBuildPhase;
			buildActionMask = 2147483647;
			files = (
				18898E3C1DF1015500D3BE39 /* AppDelegate.m in Sources */,
				18898E391DF1015500D3BE39 /* main.m in Sources */,
				18898E501DF1017300D3BE39 /* HomeViewController.m in Sources */,
				18898E531DF102DB00D3BE39 /* SnowflakeFallingView.m in Sources */,
			);
			runOnlyForDeploymentPostprocessing = 0;
		};
/* End PBXSourcesBuildPhase section */

/* Begin PBXVariantGroup section */
		18898E401DF1015500D3BE39 /* Main.storyboard */ = {
			isa = PBXVariantGroup;
			children = (
				18898E411DF1015500D3BE39 /* Base */,
			);
			name = Main.storyboard;
			sourceTree = "<group>";
		};
		18898E451DF1015500D3BE39 /* LaunchScreen.storyboard */ = {
			isa = PBXVariantGroup;
			children = (
				18898E461DF1015500D3BE39 /* Base */,
			);
			name = LaunchScreen.storyboard;
			sourceTree = "<group>";
		};
/* End PBXVariantGroup section */

/* Begin XCBuildConfiguration section */
		18898E491DF1015500D3BE39 /* Debug */ = {
			isa = XCBuildConfiguration;
			buildSettings = {
				ALWAYS_SEARCH_USER_PATHS = NO;
				CLANG_ANALYZER_NONNULL = YES;
				CLANG_CXX_LANGUAGE_STANDARD = "gnu++0x";
				CLANG_CXX_LIBRARY = "libc++";
				CLANG_ENABLE_MODULES = YES;
				CLANG_ENABLE_OBJC_ARC = YES;
				CLANG_WARN_BOOL_CONVERSION = YES;
				CLANG_WARN_CONSTANT_CONVERSION = YES;
				CLANG_WARN_DIRECT_OBJC_ISA_USAGE = YES_ERROR;
				CLANG_WARN_DOCUMENTATION_COMMENTS = YES;
				CLANG_WARN_EMPTY_BODY = YES;
				CLANG_WARN_ENUM_CONVERSION = YES;
				CLANG_WARN_INFINITE_RECURSION = YES;
				CLANG_WARN_INT_CONVERSION = YES;
				CLANG_WARN_OBJC_ROOT_CLASS = YES_ERROR;
				CLANG_WARN_SUSPICIOUS_MOVES = YES;
				CLANG_WARN_UNREACHABLE_CODE = YES;
				CLANG_WARN__DUPLICATE_METHOD_MATCH = YES;
				"CODE_SIGN_IDENTITY[sdk=iphoneos*]" = "iPhone Developer";
				COPY_PHASE_STRIP = NO;
				DEBUG_INFORMATION_FORMAT = dwarf;
				ENABLE_STRICT_OBJC_MSGSEND = YES;
				ENABLE_TESTABILITY = YES;
				GCC_C_LANGUAGE_STANDARD = gnu99;
				GCC_DYNAMIC_NO_PIC = NO;
				GCC_NO_COMMON_BLOCKS = YES;
				GCC_OPTIMIZATION_LEVEL = 0;
				GCC_PREPROCESSOR_DEFINITIONS = (
					"DEBUG=1",
					"$(inherited)",
				);
				GCC_WARN_64_TO_32_BIT_CONVERSION = YES;
				GCC_WARN_ABOUT_RETURN_TYPE = YES_ERROR;
				GCC_WARN_UNDECLARED_SELECTOR = YES;
				GCC_WARN_UNINITIALIZED_AUTOS = YES_AGGRESSIVE;
				GCC_WARN_UNUSED_FUNCTION = YES;
				GCC_WARN_UNUSED_VARIABLE = YES;
				IPHONEOS_DEPLOYMENT_TARGET = 10.1;
				MTL_ENABLE_DEBUG_INFO = YES;
				ONLY_ACTIVE_ARCH = YES;
				SDKROOT = iphoneos;
				TARGETED_DEVICE_FAMILY = "1,2";
			};
			name = Debug;
		};
		18898E4A1DF1015500D3BE39 /* Release */ = {
			isa = XCBuildConfiguration;
			buildSettings = {
				ALWAYS_SEARCH_USER_PATHS = NO;
				CLANG_ANALYZER_NONNULL = YES;
				CLANG_CXX_LANGUAGE_STANDARD = "gnu++0x";
				CLANG_CXX_LIBRARY = "libc++";
				CLANG_ENABLE_MODULES = YES;
				CLANG_ENABLE_OBJC_ARC = YES;
				CLANG_WARN_BOOL_CONVERSION = YES;
				CLANG_WARN_CONSTANT_CONVERSION = YES;
				CLANG_WARN_DIRECT_OBJC_ISA_USAGE = YES_ERROR;
				CLANG_WARN_DOCUMENTATION_COMMENTS = YES;
				CLANG_WARN_EMPTY_BODY = YES;
				CLANG_WARN_ENUM_CONVERSION = YES;
				CLANG_WARN_INFINITE_RECURSION = YES;
				CLANG_WARN_INT_CONVERSION = YES;
				CLANG_WARN_OBJC_ROOT_CLASS = YES_ERROR;
				CLANG_WARN_SUSPICIOUS_MOVES = YES;
				CLANG_WARN_UNREACHABLE_CODE = YES;
				CLANG_WARN__DUPLICATE_METHOD_MATCH = YES;
				"CODE_SIGN_IDENTITY[sdk=iphoneos*]" = "iPhone Developer";
				COPY_PHASE_STRIP = NO;
				DEBUG_INFORMATION_FORMAT = "dwarf-with-dsym";
				ENABLE_NS_ASSERTIONS = NO;
				ENABLE_STRICT_OBJC_MSGSEND = YES;
				GCC_C_LANGUAGE_STANDARD = gnu99;
				GCC_NO_COMMON_BLOCKS = YES;
				GCC_WARN_64_TO_32_BIT_CONVERSION = YES;
				GCC_WARN_ABOUT_RETURN_TYPE = YES_ERROR;
				GCC_WARN_UNDECLARED_SELECTOR = YES;
				GCC_WARN_UNINITIALIZED_AUTOS = YES_AGGRESSIVE;
				GCC_WARN_UNUSED_FUNCTION = YES;
				GCC_WARN_UNUSED_VARIABLE = YES;
				IPHONEOS_DEPLOYMENT_TARGET = 10.1;
				MTL_ENABLE_DEBUG_INFO = NO;
				SDKROOT = iphoneos;
				TARGETED_DEVICE_FAMILY = "1,2";
				VALIDATE_PRODUCT = YES;
			};
			name = Release;
		};
		18898E4C1DF1015500D3BE39 /* Debug */ = {
			isa = XCBuildConfiguration;
			buildSettings = {
				ASSETCATALOG_COMPILER_APPICON_NAME = AppIcon;
				INFOPLIST_FILE = SnowflakeDemo/Info.plist;
				LD_RUNPATH_SEARCH_PATHS = "$(inherited) @executable_path/Frameworks";
				PRODUCT_BUNDLE_IDENTIFIER = jijia.SnowflakeDemo;
				PRODUCT_NAME = "$(TARGET_NAME)";
			};
			name = Debug;
		};
		18898E4D1DF1015500D3BE39 /* Release */ = {
			isa = XCBuildConfiguration;
			buildSettings = {
				ASSETCATALOG_COMPILER_APPICON_NAME = AppIcon;
				INFOPLIST_FILE = SnowflakeDemo/Info.plist;
				LD_RUNPATH_SEARCH_PATHS = "$(inherited) @executable_path/Frameworks";
				PRODUCT_BUNDLE_IDENTIFIER = jijia.SnowflakeDemo;
				PRODUCT_NAME = "$(TARGET_NAME)";
			};
			name = Release;
		};
/* End XCBuildConfiguration section */

/* Begin XCConfigurationList section */
		18898E2F1DF1015400D3BE39 /* Build configuration list for PBXProject "SnowflakeDemo" */ = {
			isa = XCConfigurationList;
			buildConfigurations = (
				18898E491DF1015500D3BE39 /* Debug */,
				18898E4A1DF1015500D3BE39 /* Release */,
			);
			defaultConfigurationIsVisible = 0;
			defaultConfigurationName = Release;
		};
		18898E4B1DF1015500D3BE39 /* Build configuration list for PBXNativeTarget "SnowflakeDemo" */ = {
			isa = XCConfigurationList;
			buildConfigurations = (
				18898E4C1DF1015500D3BE39 /* Debug */,
				18898E4D1DF1015500D3BE39 /* Release */,
			);
			defaultConfigurationIsVisible = 0;
			defaultConfigurationName = Release;
		};
/* End XCConfigurationList section */
	};
	rootObject = 18898E2C1DF1015400D3BE39 /* Project object */;
}
